
Microsoft Visual Studio Solution File, Format Version 10.00
# Visual Studio 2008
Project("{FAE04EC0-301F-11D3-BF4B-00C04F79EFBC}") = "Variable System", "Variable System.csproj", "{AFF3C52A-D809-40F6-9EE0-4D6BEBFBFCE8}"
EndProject
Global
	GlobalSection(SolutionConfigurationPlatforms) = preSolution
		Debug|Any CPU = Debug|Any CPU
		Release|Any CPU = Release|Any CPU
	EndGlobalSection
	GlobalSection(ProjectConfigurationPlatforms) = postSolution
		{AFF3C52A-D809-40F6-9EE0-4D6BEBFBFCE8}.Debug|Any CPU.ActiveCfg = Debug|Any CPU
		{AFF3C52A-D809-40F6-9EE0-4D6BEBFBFCE8}.Debug|Any CPU.Build.0 = Debug|Any CPU
		{AFF3C52A-D809-40F6-9EE0-4D6BEBFBFCE8}.Release|Any CPU.ActiveCfg = Release|Any CPU
		{AFF3C52A-D809-40F6-9EE0-4D6BEBFBFCE8}.Release|Any CPU.Build.0 = Release|Any CPU
	EndGlobalSection
	GlobalSection(SolutionProperties) = preSolution
		HideSolutionNode = FALSE
	EndGlobalSection
EndGlobal
